
Microsoft Visual Studio Solution File, Format Version 12.00
# Visual Studio Version 17
VisualStudioVersion = 17.10.35027.167
MinimumVisualStudioVersion = 10.0.40219.1
Project("{FAE04EC0-301F-11D3-BF4B-00C04F79EFBC}") = "StudentPortal.Web", "StudentPortal.Web\StudentPortal.Web.csproj", "{6B0C21D3-8236-41F3-9609-7331B29CD6D2}"
EndProject
Global
	GlobalSection(SolutionConfigurationPlatforms) = preSolution
		Debug|Any CPU = Debug|Any CPU
		Release|Any CPU = Release|Any CPU
	EndGlobalSection
	GlobalSection(ProjectConfigurationPlatforms) = postSolution
		{6B0C21D3-8236-41F3-9609-7331B29CD6D2}.Debug|Any CPU.ActiveCfg = Debug|Any CPU
		{6B0C21D3-8236-41F3-9609-7331B29CD6D2}.Debug|Any CPU.Build.0 = Debug|Any CPU
		{6B0C21D3-8236-41F3-9609-7331B29CD6D2}.Release|Any CPU.ActiveCfg = Release|Any CPU
		{6B0C21D3-8236-41F3-9609-7331B29CD6D2}.Release|Any CPU.Build.0 = Release|Any CPU
	EndGlobalSection
	GlobalSection(SolutionProperties) = preSolution
		HideSolutionNode = FALSE
	EndGlobalSection
	GlobalSection(ExtensibilityGlobals) = postSolution
		SolutionGuid = {D049D875-D5A8-4F91-BCB6-664B4B614291}
	EndGlobalSection
EndGlobal
